Microsoft Visual Studio Solution File, Format Version 12.00
# Visual Studio Version 17
VisualStudioVersion = 17.5.2.0
MinimumVisualStudioVersion = 10.0.40219.1
Project("{FAE04EC0-301F-11D3-BF4B-00C04F79EFBC}") = "AbbaFleet", "src\app\AbbaFleet.csproj", "{ECCCA6C0-76DD-1686-3C1D-B29DF93FFB94}"
EndProject
Global
	GlobalSection(SolutionConfigurationPlatforms) = preSolution
		Debug|Any CPU = Debug|Any CPU
		Release|Any CPU = Release|Any CPU
	EndGlobalSection
	GlobalSection(ProjectConfigurationPlatforms) = postSolution
		{ECCCA6C0-76DD-1686-3C1D-B29DF93FFB94}.Debug|Any CPU.ActiveCfg = Debug|Any CPU
		{ECCCA6C0-76DD-1686-3C1D-B29DF93FFB94}.Debug|Any CPU.Build.0 = Debug|Any CPU
		{ECCCA6C0-76DD-1686-3C1D-B29DF93FFB94}.Release|Any CPU.ActiveCfg = Release|Any CPU
		{ECCCA6C0-76DD-1686-3C1D-B29DF93FFB94}.Release|Any CPU.Build.0 = Release|Any CPU
	EndGlobalSection
	GlobalSection(SolutionProperties) = preSolution
		HideSolutionNode = FALSE
	EndGlobalSection
	GlobalSection(ExtensibilityGlobals) = postSolution
		SolutionGuid = {C355621D-359F-42F4-8902-E40CC69B36D1}
	EndGlobalSection
EndGlobal
